// !$*UTF8*$!
{
	archiveVersion = 1;
	classes = {
	};
	objectVersion = 55;
	objects = {

/* Begin PBXBuildFile section */
		5A06E34E2B21399200505603 /* RegisterManager.swift in Sources */ = {isa = PBXBuildFile; fileRef = 5A06E3292B21399100505603 /* RegisterManager.swift */; };
		5A06E34F2B21399200505603 /* TabBarController.swift in Sources */ = {isa = PBXBuildFile; fileRef = 5A06E32A2B21399100505603 /* TabBarController.swift */; };
		5A06E3502B21399200505603 /* SignInManager.swift in Sources */ = {isa = PBXBuildFile; fileRef = 5A06E32B2B21399100505603 /* SignInManager.swift */; };
		5A06E3552B21399200505603 /* SettingsView.swift in Sources */ = {isa = PBXBuildFile; fileRef = 5A06E3302B21399100505603 /* SettingsView.swift */; };
		5A06E3562B21399200505603 /* TaskTableViewCell.swift in Sources */ = {isa = PBXBuildFile; fileRef = 5A06E3312B21399100505603 /* TaskTableViewCell.swift */; };
		5A06E3642B21399200505603 /* RightBarButtonManager.swift in Sources */ = {isa = PBXBuildFile; fileRef = 5A06E3402B21399100505603 /* RightBarButtonManager.swift */; };
		5A06E3662B21399200505603 /* ViewController.swift in Sources */ = {isa = PBXBuildFile; fileRef = 5A06E3432B21399100505603 /* ViewController.swift */; };
		5A06E3692B21399200505603 /* TaskTableViewManager.swift in Sources */ = {isa = PBXBuildFile; fileRef = 5A06E3462B21399200505603 /* TaskTableViewManager.swift */; };
		5A06E36E2B21399200505603 /* MainScreenView.swift in Sources */ = {isa = PBXBuildFile; fileRef = 5A06E34B2B21399200505603 /* MainScreenView.swift */; };
		5A06E3702B21399200505603 /* SettingsViewController.swift in Sources */ = {isa = PBXBuildFile; fileRef = 5A06E34D2B21399200505603 /* SettingsViewController.swift */; };
		5A06E3722B213A8900505603 /* Task.swift in Sources */ = {isa = PBXBuildFile; fileRef = 5A06E3712B213A8900505603 /* Task.swift */; };
		5A06E37E2B21464100505603 /* GetTaskManager.swift in Sources */ = {isa = PBXBuildFile; fileRef = 5A06E37D2B21464100505603 /* GetTaskManager.swift */; };
		5A06E3822B216FC200505603 /* Group.swift in Sources */ = {isa = PBXBuildFile; fileRef = 5A06E3812B216FC200505603 /* Group.swift */; };
		5A06E3842B21724300505603 /* GetGroupsManager.swift in Sources */ = {isa = PBXBuildFile; fileRef = 5A06E3832B21724300505603 /* GetGroupsManager.swift */; };
		5A06E3892B22971100505603 /* Configs.swift in Sources */ = {isa = PBXBuildFile; fileRef = 5A06E3882B22971100505603 /* Configs.swift */; };
		5A06E38B2B22973F00505603 /* User.swift in Sources */ = {isa = PBXBuildFile; fileRef = 5A06E38A2B22973F00505603 /* User.swift */; };
		5A06E38E2B22976300505603 /* ProgressSpinnerDelegate.swift in Sources */ = {isa = PBXBuildFile; fileRef = 5A06E38C2B22976300505603 /* ProgressSpinnerDelegate.swift */; };
		5A06E38F2B22976300505603 /* ProgressSpinnerViewController.swift in Sources */ = {isa = PBXBuildFile; fileRef = 5A06E38D2B22976300505603 /* ProgressSpinnerViewController.swift */; };
		5A06E3A42B23A46D00505603 /* EditTaskViewController.swift in Sources */ = {isa = PBXBuildFile; fileRef = 5A06E3992B23A46C00505603 /* EditTaskViewController.swift */; };
		5A06E3A52B23A46D00505603 /* LoadPhotoManager.swift in Sources */ = {isa = PBXBuildFile; fileRef = 5A06E39A2B23A46C00505603 /* LoadPhotoManager.swift */; };
		5A06E3A62B23A46D00505603 /* TaskView.swift in Sources */ = {isa = PBXBuildFile; fileRef = 5A06E39B2B23A46C00505603 /* TaskView.swift */; };
		5A06E3A72B23A46D00505603 /* TaskViewController.swift in Sources */ = {isa = PBXBuildFile; fileRef = 5A06E39C2B23A46C00505603 /* TaskViewController.swift */; };
		5A06E3A82B23A46D00505603 /* GetTaskPhotoManager.swift in Sources */ = {isa = PBXBuildFile; fileRef = 5A06E39D2B23A46C00505603 /* GetTaskPhotoManager.swift */; };
		5A06E3A92B23A46D00505603 /* AddTaskView.swift in Sources */ = {isa = PBXBuildFile; fileRef = 5A06E39F2B23A46C00505603 /* AddTaskView.swift */; };
		5A06E3AA2B23A46D00505603 /* AddTaskViewController.swift in Sources */ = {isa = PBXBuildFile; fileRef = 5A06E3A02B23A46C00505603 /* AddTaskViewController.swift */; };
		5A06E3AB2B23A46D00505603 /* GetPhotoManager.swift in Sources */ = {isa = PBXBuildFile; fileRef = 5A06E3A12B23A46C00505603 /* GetPhotoManager.swift */; };
		5A06E3AC2B23A46D00505603 /* AddTaskPhotoManager.swift in Sources */ = {isa = PBXBuildFile; fileRef = 5A06E3A22B23A46C00505603 /* AddTaskPhotoManager.swift */; };
		5A06E3AD2B23A46D00505603 /* AddTaskManager.swift in Sources */ = {isa = PBXBuildFile; fileRef = 5A06E3A32B23A46C00505603 /* AddTaskManager.swift */; };
		5AE6F2E92B0BEA59001C815F /* AppDelegate.swift in Sources */ = {isa = PBXBuildFile; fileRef = 5AE6F2E82B0BEA59001C815F /* AppDelegate.swift */; };
		5AE6F2EB2B0BEA59001C815F /* SceneDelegate.swift in Sources */ = {isa = PBXBuildFile; fileRef = 5AE6F2EA2B0BEA59001C815F /* SceneDelegate.swift */; };
		5AE6F2F02B0BEA59001C815F /* Main.storyboard in Resources */ = {isa = PBXBuildFile; fileRef = 5AE6F2EE2B0BEA59001C815F /* Main.storyboard */; };
		5AE6F2F22B0BEA5F001C815F /* Assets.xcassets in Resources */ = {isa = PBXBuildFile; fileRef = 5AE6F2F12B0BEA5F001C815F /* Assets.xcassets */; };
		5AE6F2F52B0BEA5F001C815F /* LaunchScreen.storyboard in Resources */ = {isa = PBXBuildFile; fileRef = 5AE6F2F32B0BEA5F001C815F /* LaunchScreen.storyboard */; };
		5AE6F31A2B0BF0A7001C815F /* FirebaseAuth in Frameworks */ = {isa = PBXBuildFile; productRef = 5AE6F3192B0BF0A7001C815F /* FirebaseAuth */; };
		5AE6F31C2B0BF0A7001C815F /* FirebaseFirestore in Frameworks */ = {isa = PBXBuildFile; productRef = 5AE6F31B2B0BF0A7001C815F /* FirebaseFirestore */; };
		5AE6F31E2B0BF0A7001C815F /* FirebaseFirestoreSwift in Frameworks */ = {isa = PBXBuildFile; productRef = 5AE6F31D2B0BF0A7001C815F /* FirebaseFirestoreSwift */; };
		5AE6F3202B0BF0A7001C815F /* FirebaseStorage in Frameworks */ = {isa = PBXBuildFile; productRef = 5AE6F31F2B0BF0A7001C815F /* FirebaseStorage */; };
		DF7F3FC62B0D932E00E1FDAD /* GoogleService-Info.plist in Resources */ = {isa = PBXBuildFile; fileRef = DF7F3FC52B0D932E00E1FDAD /* GoogleService-Info.plist */; };
		DF89F4242B22E4D800D26E2D /* GroupsViewController.swift in Sources */ = {isa = PBXBuildFile; fileRef = DF89F4232B22E4D800D26E2D /* GroupsViewController.swift */; };
		DF89F4282B22E52C00D26E2D /* GroupTableViewCell.swift in Sources */ = {isa = PBXBuildFile; fileRef = DF89F4272B22E52C00D26E2D /* GroupTableViewCell.swift */; };
		DF89F42A2B22E68200D26E2D /* GroupsScreenView.swift in Sources */ = {isa = PBXBuildFile; fileRef = DF89F4292B22E68200D26E2D /* GroupsScreenView.swift */; };
		DF89F42C2B22E6C000D26E2D /* GroupTableViewManager.swift in Sources */ = {isa = PBXBuildFile; fileRef = DF89F42B2B22E6C000D26E2D /* GroupTableViewManager.swift */; };
/* End PBXBuildFile section */

/* Begin PBXFileReference section */
		5A06E3292B21399100505603 /* RegisterManager.swift */ = {isa = PBXFileReference; fileEncoding = 4; lastKnownFileType = sourcecode.swift; path = RegisterManager.swift; sourceTree = "<group>"; };
		5A06E32A2B21399100505603 /* TabBarController.swift */ = {isa = PBXFileReference; fileEncoding = 4; lastKnownFileType = sourcecode.swift; path = TabBarController.swift; sourceTree = "<group>"; };
		5A06E32B2B21399100505603 /* SignInManager.swift */ = {isa = PBXFileReference; fileEncoding = 4; lastKnownFileType = sourcecode.swift; path = SignInManager.swift; sourceTree = "<group>"; };
		5A06E3302B21399100505603 /* SettingsView.swift */ = {isa = PBXFileReference; fileEncoding = 4; lastKnownFileType = sourcecode.swift; path = SettingsView.swift; sourceTree = "<group>"; };
		5A06E3312B21399100505603 /* TaskTableViewCell.swift */ = {isa = PBXFileReference; fileEncoding = 4; lastKnownFileType = sourcecode.swift; path = TaskTableViewCell.swift; sourceTree = "<group>"; };
		5A06E3402B21399100505603 /* RightBarButtonManager.swift */ = {isa = PBXFileReference; fileEncoding = 4; lastKnownFileType = sourcecode.swift; path = RightBarButtonManager.swift; sourceTree = "<group>"; };
		5A06E3432B21399100505603 /* ViewController.swift */ = {isa = PBXFileReference; fileEncoding = 4; lastKnownFileType = sourcecode.swift; path = ViewController.swift; sourceTree = "<group>"; };
		5A06E3462B21399200505603 /* TaskTableViewManager.swift */ = {isa = PBXFileReference; fileEncoding = 4; lastKnownFileType = sourcecode.swift; path = TaskTableViewManager.swift; sourceTree = "<group>"; };
		5A06E34B2B21399200505603 /* MainScreenView.swift */ = {isa = PBXFileReference; fileEncoding = 4; lastKnownFileType = sourcecode.swift; path = MainScreenView.swift; sourceTree = "<group>"; };
		5A06E34D2B21399200505603 /* SettingsViewController.swift */ = {isa = PBXFileReference; fileEncoding = 4; lastKnownFileType = sourcecode.swift; path = SettingsViewController.swift; sourceTree = "<group>"; };
		5A06E3712B213A8900505603 /* Task.swift */ = {isa = PBXFileReference; lastKnownFileType = sourcecode.swift; path = Task.swift; sourceTree = "<group>"; };
		5A06E37D2B21464100505603 /* GetTaskManager.swift */ = {isa = PBXFileReference; lastKnownFileType = sourcecode.swift; path = GetTaskManager.swift; sourceTree = "<group>"; };
		5A06E3812B216FC200505603 /* Group.swift */ = {isa = PBXFileReference; lastKnownFileType = sourcecode.swift; path = Group.swift; sourceTree = "<group>"; };
		5A06E3832B21724300505603 /* GetGroupsManager.swift */ = {isa = PBXFileReference; lastKnownFileType = sourcecode.swift; path = GetGroupsManager.swift; sourceTree = "<group>"; };
		5A06E3882B22971100505603 /* Configs.swift */ = {isa = PBXFileReference; fileEncoding = 4; lastKnownFileType = sourcecode.swift; path = Configs.swift; sourceTree = "<group>"; };
		5A06E38A2B22973F00505603 /* User.swift */ = {isa = PBXFileReference; fileEncoding = 4; lastKnownFileType = sourcecode.swift; path = User.swift; sourceTree = "<group>"; };
		5A06E38C2B22976300505603 /* ProgressSpinnerDelegate.swift */ = {isa = PBXFileReference; fileEncoding = 4; lastKnownFileType = sourcecode.swift; path = ProgressSpinnerDelegate.swift; sourceTree = "<group>"; };
		5A06E38D2B22976300505603 /* ProgressSpinnerViewController.swift */ = {isa = PBXFileReference; fileEncoding = 4; lastKnownFileType = sourcecode.swift; path = ProgressSpinnerViewController.swift; sourceTree = "<group>"; };
		5A06E3992B23A46C00505603 /* EditTaskViewController.swift */ = {isa = PBXFileReference; fileEncoding = 4; lastKnownFileType = sourcecode.swift; path = EditTaskViewController.swift; sourceTree = "<group>"; };
		5A06E39A2B23A46C00505603 /* LoadPhotoManager.swift */ = {isa = PBXFileReference; fileEncoding = 4; lastKnownFileType = sourcecode.swift; path = LoadPhotoManager.swift; sourceTree = "<group>"; };
		5A06E39B2B23A46C00505603 /* TaskView.swift */ = {isa = PBXFileReference; fileEncoding = 4; lastKnownFileType = sourcecode.swift; path = TaskView.swift; sourceTree = "<group>"; };
		5A06E39C2B23A46C00505603 /* TaskViewController.swift */ = {isa = PBXFileReference; fileEncoding = 4; lastKnownFileType = sourcecode.swift; path = TaskViewController.swift; sourceTree = "<group>"; };
		5A06E39D2B23A46C00505603 /* GetTaskPhotoManager.swift */ = {isa = PBXFileReference; fileEncoding = 4; lastKnownFileType = sourcecode.swift; path = GetTaskPhotoManager.swift; sourceTree = "<group>"; };
		5A06E39F2B23A46C00505603 /* AddTaskView.swift */ = {isa = PBXFileReference; fileEncoding = 4; lastKnownFileType = sourcecode.swift; path = AddTaskView.swift; sourceTree = "<group>"; };
		5A06E3A02B23A46C00505603 /* AddTaskViewController.swift */ = {isa = PBXFileReference; fileEncoding = 4; lastKnownFileType = sourcecode.swift; path = AddTaskViewController.swift; sourceTree = "<group>"; };
		5A06E3A12B23A46C00505603 /* GetPhotoManager.swift */ = {isa = PBXFileReference; fileEncoding = 4; lastKnownFileType = sourcecode.swift; path = GetPhotoManager.swift; sourceTree = "<group>"; };
		5A06E3A22B23A46C00505603 /* AddTaskPhotoManager.swift */ = {isa = PBXFileReference; fileEncoding = 4; lastKnownFileType = sourcecode.swift; path = AddTaskPhotoManager.swift; sourceTree = "<group>"; };
		5A06E3A32B23A46C00505603 /* AddTaskManager.swift */ = {isa = PBXFileReference; fileEncoding = 4; lastKnownFileType = sourcecode.swift; path = AddTaskManager.swift; sourceTree = "<group>"; };
		5AE6F2E52B0BEA59001C815F /* MobileAppDevFinal.app */ = {isa = PBXFileReference; explicitFileType = wrapper.application; includeInIndex = 0; path = MobileAppDevFinal.app; sourceTree = BUILT_PRODUCTS_DIR; };
		5AE6F2E82B0BEA59001C815F /* AppDelegate.swift */ = {isa = PBXFileReference; lastKnownFileType = sourcecode.swift; path = AppDelegate.swift; sourceTree = "<group>"; };
		5AE6F2EA2B0BEA59001C815F /* SceneDelegate.swift */ = {isa = PBXFileReference; lastKnownFileType = sourcecode.swift; path = SceneDelegate.swift; sourceTree = "<group>"; };
		5AE6F2EF2B0BEA59001C815F /* Base */ = {isa = PBXFileReference; lastKnownFileType = file.storyboard; name = Base; path = Base.lproj/Main.storyboard; sourceTree = "<group>"; };
		5AE6F2F12B0BEA5F001C815F /* Assets.xcassets */ = {isa = PBXFileReference; lastKnownFileType = folder.assetcatalog; path = Assets.xcassets; sourceTree = "<group>"; };
		5AE6F2F42B0BEA5F001C815F /* Base */ = {isa = PBXFileReference; lastKnownFileType = file.storyboard; name = Base; path = Base.lproj/LaunchScreen.storyboard; sourceTree = "<group>"; };
		5AE6F2F62B0BEA5F001C815F /* Info.plist */ = {isa = PBXFileReference; lastKnownFileType = text.plist.xml; path = Info.plist; sourceTree = "<group>"; };
		DF7F3FC52B0D932E00E1FDAD /* GoogleService-Info.plist */ = {isa = PBXFileReference; fileEncoding = 4; lastKnownFileType = text.plist.xml; path = "GoogleService-Info.plist"; sourceTree = "<group>"; };
		DF89F4232B22E4D800D26E2D /* GroupsViewController.swift */ = {isa = PBXFileReference; lastKnownFileType = sourcecode.swift; path = GroupsViewController.swift; sourceTree = "<group>"; };
		DF89F4272B22E52C00D26E2D /* GroupTableViewCell.swift */ = {isa = PBXFileReference; lastKnownFileType = sourcecode.swift; path = GroupTableViewCell.swift; sourceTree = "<group>"; };
		DF89F4292B22E68200D26E2D /* GroupsScreenView.swift */ = {isa = PBXFileReference; lastKnownFileType = sourcecode.swift; path = GroupsScreenView.swift; sourceTree = "<group>"; };
		DF89F42B2B22E6C000D26E2D /* GroupTableViewManager.swift */ = {isa = PBXFileReference; lastKnownFileType = sourcecode.swift; path = GroupTableViewManager.swift; sourceTree = "<group>"; };
/* End PBXFileReference section */

/* Begin PBXFrameworksBuildPhase section */
		5AE6F2E22B0BEA59001C815F /* Frameworks */ = {
			isa = PBXFrameworksBuildPhase;
			buildActionMask = 2147483647;
			files = (
				5AE6F31A2B0BF0A7001C815F /* FirebaseAuth in Frameworks */,
				5AE6F3202B0BF0A7001C815F /* FirebaseStorage in Frameworks */,
				5AE6F31C2B0BF0A7001C815F /* FirebaseFirestore in Frameworks */,
				5AE6F31E2B0BF0A7001C815F /* FirebaseFirestoreSwift in Frameworks */,
			);
			runOnlyForDeploymentPostprocessing = 0;
		};
/* End PBXFrameworksBuildPhase section */

/* Begin PBXGroup section */
		5A06E3282B21399100505603 /* Authentication */ = {
			isa = PBXGroup;
			children = (
				5A06E3292B21399100505603 /* RegisterManager.swift */,
				5A06E32A2B21399100505603 /* TabBarController.swift */,
				5A06E32B2B21399100505603 /* SignInManager.swift */,
			);
			path = Authentication;
			sourceTree = "<group>";
		};
		5A06E3422B21399100505603 /* Tasks Screen */ = {
			isa = PBXGroup;
			children = (
				5A06E3432B21399100505603 /* ViewController.swift */,
				5A06E34B2B21399200505603 /* MainScreenView.swift */,
				5A06E3462B21399200505603 /* TaskTableViewManager.swift */,
				5A06E3312B21399100505603 /* TaskTableViewCell.swift */,
				5A06E3712B213A8900505603 /* Task.swift */,
				5A06E37D2B21464100505603 /* GetTaskManager.swift */,
			);
			path = "Tasks Screen";
			sourceTree = "<group>";
		};
		5A06E3852B21784000505603 /* Groups Screen */ = {
			isa = PBXGroup;
			children = (
				DF89F4232B22E4D800D26E2D /* GroupsViewController.swift */,
				DF89F4292B22E68200D26E2D /* GroupsScreenView.swift */,
				DF89F42B2B22E6C000D26E2D /* GroupTableViewManager.swift */,
				DF89F4272B22E52C00D26E2D /* GroupTableViewCell.swift */,
				5A06E3832B21724300505603 /* GetGroupsManager.swift */,
				5A06E3812B216FC200505603 /* Group.swift */,
			);
			path = "Groups Screen";
			sourceTree = "<group>";
		};
		5A06E3982B23A46C00505603 /* Task View */ = {
			isa = PBXGroup;
			children = (
				5A06E3992B23A46C00505603 /* EditTaskViewController.swift */,
				5A06E39A2B23A46C00505603 /* LoadPhotoManager.swift */,
				5A06E39B2B23A46C00505603 /* TaskView.swift */,
				5A06E39C2B23A46C00505603 /* TaskViewController.swift */,
				5A06E39D2B23A46C00505603 /* GetTaskPhotoManager.swift */,
			);
			path = "Task View";
			sourceTree = "<group>";
		};
		5A06E39E2B23A46C00505603 /* Add Task Screen */ = {
			isa = PBXGroup;
			children = (
				5A06E39F2B23A46C00505603 /* AddTaskView.swift */,
				5A06E3A02B23A46C00505603 /* AddTaskViewController.swift */,
				5A06E3A12B23A46C00505603 /* GetPhotoManager.swift */,
				5A06E3A22B23A46C00505603 /* AddTaskPhotoManager.swift */,
				5A06E3A32B23A46C00505603 /* AddTaskManager.swift */,
			);
			path = "Add Task Screen";
			sourceTree = "<group>";
		};
		5AE6F2DC2B0BEA58001C815F = {
			isa = PBXGroup;
			children = (
				5AE6F2E72B0BEA59001C815F /* MobileAppDevFinal */,
				5AE6F2E62B0BEA59001C815F /* Products */,
			);
			sourceTree = "<group>";
		};
		5AE6F2E62B0BEA59001C815F /* Products */ = {
			isa = PBXGroup;
			children = (
				5AE6F2E52B0BEA59001C815F /* MobileAppDevFinal.app */,
			);
			name = Products;
			sourceTree = "<group>";
		};
		5AE6F2E72B0BEA59001C815F /* MobileAppDevFinal */ = {
			isa = PBXGroup;
			children = (
				5AE6F2E82B0BEA59001C815F /* AppDelegate.swift */,
				5AE6F2EA2B0BEA59001C815F /* SceneDelegate.swift */,
				5AE6F2EE2B0BEA59001C815F /* Main.storyboard */,
				5AE6F2F12B0BEA5F001C815F /* Assets.xcassets */,
				5AE6F2F32B0BEA5F001C815F /* LaunchScreen.storyboard */,
				5AE6F2F62B0BEA5F001C815F /* Info.plist */,
				DF7F3FC52B0D932E00E1FDAD /* GoogleService-Info.plist */,
				5A06E38C2B22976300505603 /* ProgressSpinnerDelegate.swift */,
				5A06E38D2B22976300505603 /* ProgressSpinnerViewController.swift */,
				5A06E3402B21399100505603 /* RightBarButtonManager.swift */,
				5A06E3302B21399100505603 /* SettingsView.swift */,
				5A06E3882B22971100505603 /* Configs.swift */,
				5A06E38A2B22973F00505603 /* User.swift */,
				5A06E34D2B21399200505603 /* SettingsViewController.swift */,
				5A06E39E2B23A46C00505603 /* Add Task Screen */,
				5A06E3982B23A46C00505603 /* Task View */,
				5A06E3282B21399100505603 /* Authentication */,
				5A06E3852B21784000505603 /* Groups Screen */,
				5A06E3422B21399100505603 /* Tasks Screen */,
			);
			path = MobileAppDevFinal;
			sourceTree = "<group>";
		};
/* End PBXGroup section */

/* Begin PBXNativeTarget section */
		5AE6F2E42B0BEA59001C815F /* MobileAppDevFinal */ = {
			isa = PBXNativeTarget;
			buildConfigurationList = 5AE6F30F2B0BEA5F001C815F /* Build configuration list for PBXNativeTarget "MobileAppDevFinal" */;
			buildPhases = (
				5AE6F2E12B0BEA59001C815F /* Sources */,
				5AE6F2E22B0BEA59001C815F /* Frameworks */,
				5AE6F2E32B0BEA59001C815F /* Resources */,
			);
			buildRules = (
			);
			dependencies = (
			);
			name = MobileAppDevFinal;
			packageProductDependencies = (
				5AE6F3192B0BF0A7001C815F /* FirebaseAuth */,
				5AE6F31B2B0BF0A7001C815F /* FirebaseFirestore */,
				5AE6F31D2B0BF0A7001C815F /* FirebaseFirestoreSwift */,
				5AE6F31F2B0BF0A7001C815F /* FirebaseStorage */,
			);
			productName = MobileAppDevFinal;
			productReference = 5AE6F2E52B0BEA59001C815F /* MobileAppDevFinal.app */;
			productType = "com.apple.product-type.application";
		};
/* End PBXNativeTarget section */

/* Begin PBXProject section */
		5AE6F2DD2B0BEA59001C815F /* Project object */ = {
			isa = PBXProject;
			attributes = {
				BuildIndependentTargetsInParallel = 1;
				LastSwiftUpdateCheck = 1340;
				LastUpgradeCheck = 1340;
				TargetAttributes = {
					5AE6F2E42B0BEA59001C815F = {
						CreatedOnToolsVersion = 13.4.1;
					};
				};
			};
			buildConfigurationList = 5AE6F2E02B0BEA59001C815F /* Build configuration list for PBXProject "MobileAppDevFinal" */;
			compatibilityVersion = "Xcode 13.0";
			developmentRegion = en;
			hasScannedForEncodings = 0;
			knownRegions = (
				en,
				Base,
			);
			mainGroup = 5AE6F2DC2B0BEA58001C815F;
			packageReferences = (
				5AE6F3182B0BF0A7001C815F /* XCRemoteSwiftPackageReference "firebase-ios-sdk" */,
			);
			productRefGroup = 5AE6F2E62B0BEA59001C815F /* Products */;
			projectDirPath = "";
			projectRoot = "";
			targets = (
				5AE6F2E42B0BEA59001C815F /* MobileAppDevFinal */,
			);
		};
/* End PBXProject section */

/* Begin PBXResourcesBuildPhase section */
		5AE6F2E32B0BEA59001C815F /* Resources */ = {
			isa = PBXResourcesBuildPhase;
			buildActionMask = 2147483647;
			files = (
				5AE6F2F52B0BEA5F001C815F /* LaunchScreen.storyboard in Resources */,
				DF7F3FC62B0D932E00E1FDAD /* GoogleService-Info.plist in Resources */,
				5AE6F2F22B0BEA5F001C815F /* Assets.xcassets in Resources */,
				5AE6F2F02B0BEA59001C815F /* Main.storyboard in Resources */,
			);
			runOnlyForDeploymentPostprocessing = 0;
		};
/* End PBXResourcesBuildPhase section */

/* Begin PBXSourcesBuildPhase section */
		5AE6F2E12B0BEA59001C815F /* Sources */ = {
			isa = PBXSourcesBuildPhase;
			buildActionMask = 2147483647;
			files = (
				5A06E3A62B23A46D00505603 /* TaskView.swift in Sources */,
				5A06E3A72B23A46D00505603 /* TaskViewController.swift in Sources */,
				5A06E3502B21399200505603 /* SignInManager.swift in Sources */,
				5A06E3562B21399200505603 /* TaskTableViewCell.swift in Sources */,
				5A06E3692B21399200505603 /* TaskTableViewManager.swift in Sources */,
				5AE6F2E92B0BEA59001C815F /* AppDelegate.swift in Sources */,
				5A06E3842B21724300505603 /* GetGroupsManager.swift in Sources */,
				DF89F4282B22E52C00D26E2D /* GroupTableViewCell.swift in Sources */,
				5A06E3822B216FC200505603 /* Group.swift in Sources */,
				5A06E36E2B21399200505603 /* MainScreenView.swift in Sources */,
				5A06E3AD2B23A46D00505603 /* AddTaskManager.swift in Sources */,
				5A06E3A52B23A46D00505603 /* LoadPhotoManager.swift in Sources */,
				5A06E34F2B21399200505603 /* TabBarController.swift in Sources */,
				DF89F42C2B22E6C000D26E2D /* GroupTableViewManager.swift in Sources */,
				5A06E3552B21399200505603 /* SettingsView.swift in Sources */,
				5A06E37E2B21464100505603 /* GetTaskManager.swift in Sources */,
				5A06E3892B22971100505603 /* Configs.swift in Sources */,
				5A06E3AC2B23A46D00505603 /* AddTaskPhotoManager.swift in Sources */,
				5A06E3702B21399200505603 /* SettingsViewController.swift in Sources */,
				DF89F42A2B22E68200D26E2D /* GroupsScreenView.swift in Sources */,
				5A06E38E2B22976300505603 /* ProgressSpinnerDelegate.swift in Sources */,
				5A06E3722B213A8900505603 /* Task.swift in Sources */,
				5A06E3AA2B23A46D00505603 /* AddTaskViewController.swift in Sources */,
				5A06E3AB2B23A46D00505603 /* GetPhotoManager.swift in Sources */,
				5A06E3A42B23A46D00505603 /* EditTaskViewController.swift in Sources */,
				5A06E3A92B23A46D00505603 /* AddTaskView.swift in Sources */,
				DF89F4242B22E4D800D26E2D /* GroupsViewController.swift in Sources */,
				5AE6F2EB2B0BEA59001C815F /* SceneDelegate.swift in Sources */,
				5A06E38F2B22976300505603 /* ProgressSpinnerViewController.swift in Sources */,
				5A06E3662B21399200505603 /* ViewController.swift in Sources */,
				5A06E38B2B22973F00505603 /* User.swift in Sources */,
				5A06E3A82B23A46D00505603 /* GetTaskPhotoManager.swift in Sources */,
				5A06E34E2B21399200505603 /* RegisterManager.swift in Sources */,
				5A06E3642B21399200505603 /* RightBarButtonManager.swift in Sources */,
			);
			runOnlyForDeploymentPostprocessing = 0;
		};
/* End PBXSourcesBuildPhase section */

/* Begin PBXVariantGroup section */
		5AE6F2EE2B0BEA59001C815F /* Main.storyboard */ = {
			isa = PBXVariantGroup;
			children = (
				5AE6F2EF2B0BEA59001C815F /* Base */,
			);
			name = Main.storyboard;
			sourceTree = "<group>";
		};
		5AE6F2F32B0BEA5F001C815F /* LaunchScreen.storyboard */ = {
			isa = PBXVariantGroup;
			children = (
				5AE6F2F42B0BEA5F001C815F /* Base */,
			);
			name = LaunchScreen.storyboard;
			sourceTree = "<group>";
		};
/* End PBXVariantGroup section */

/* Begin XCBuildConfiguration section */
		5AE6F30D2B0BEA5F001C815F /* Debug */ = {
			isa = XCBuildConfiguration;
			buildSettings = {
				ALWAYS_SEARCH_USER_PATHS = NO;
				CLANG_ANALYZER_NONNULL = YES;
				CLANG_ANALYZER_NUMBER_OBJECT_CONVERSION = YES_AGGRESSIVE;
				CLANG_CXX_LANGUAGE_STANDARD = "gnu++17";
				CLANG_ENABLE_MODULES = YES;
				CLANG_ENABLE_OBJC_ARC = YES;
				CLANG_ENABLE_OBJC_WEAK = YES;
				CLANG_WARN_BLOCK_CAPTURE_AUTORELEASING = YES;
				CLANG_WARN_BOOL_CONVERSION = YES;
				CLANG_WARN_COMMA = YES;
				CLANG_WARN_CONSTANT_CONVERSION = YES;
				CLANG_WARN_DEPRECATED_OBJC_IMPLEMENTATIONS = YES;
				CLANG_WARN_DIRECT_OBJC_ISA_USAGE = YES_ERROR;
				CLANG_WARN_DOCUMENTATION_COMMENTS = YES;
				CLANG_WARN_EMPTY_BODY = YES;
				CLANG_WARN_ENUM_CONVERSION = YES;
				CLANG_WARN_INFINITE_RECURSION = YES;
				CLANG_WARN_INT_CONVERSION = YES;
				CLANG_WARN_NON_LITERAL_NULL_CONVERSION = YES;
				CLANG_WARN_OBJC_IMPLICIT_RETAIN_SELF = YES;
				CLANG_WARN_OBJC_LITERAL_CONVERSION = YES;
				CLANG_WARN_OBJC_ROOT_CLASS = YES_ERROR;
				CLANG_WARN_QUOTED_INCLUDE_IN_FRAMEWORK_HEADER = YES;
				CLANG_WARN_RANGE_LOOP_ANALYSIS = YES;
				CLANG_WARN_STRICT_PROTOTYPES = YES;
				CLANG_WARN_SUSPICIOUS_MOVE = YES;
				CLANG_WARN_UNGUARDED_AVAILABILITY = YES_AGGRESSIVE;
				CLANG_WARN_UNREACHABLE_CODE = YES;
				CLANG_WARN__DUPLICATE_METHOD_MATCH = YES;
				COPY_PHASE_STRIP = NO;
				DEBUG_INFORMATION_FORMAT = dwarf;
				ENABLE_STRICT_OBJC_MSGSEND = YES;
				ENABLE_TESTABILITY = YES;
				GCC_C_LANGUAGE_STANDARD = gnu11;
				GCC_DYNAMIC_NO_PIC = NO;
				GCC_NO_COMMON_BLOCKS = YES;
				GCC_OPTIMIZATION_LEVEL = 0;
				GCC_PREPROCESSOR_DEFINITIONS = (
					"DEBUG=1",
					"$(inherited)",
				);
				GCC_WARN_64_TO_32_BIT_CONVERSION = YES;
				GCC_WARN_ABOUT_RETURN_TYPE = YES_ERROR;
				GCC_WARN_UNDECLARED_SELECTOR = YES;
				GCC_WARN_UNINITIALIZED_AUTOS = YES_AGGRESSIVE;
				GCC_WARN_UNUSED_FUNCTION = YES;
				GCC_WARN_UNUSED_VARIABLE = YES;
				IPHONEOS_DEPLOYMENT_TARGET = 15.5;
				MTL_ENABLE_DEBUG_INFO = INCLUDE_SOURCE;
				MTL_FAST_MATH = YES;
				ONLY_ACTIVE_ARCH = YES;
				SDKROOT = iphoneos;
				SWIFT_ACTIVE_COMPILATION_CONDITIONS = DEBUG;
				SWIFT_OPTIMIZATION_LEVEL = "-Onone";
			};
			name = Debug;
		};
		5AE6F30E2B0BEA5F001C815F /* Release */ = {
			isa = XCBuildConfiguration;
			buildSettings = {
				ALWAYS_SEARCH_USER_PATHS = NO;
				CLANG_ANALYZER_NONNULL = YES;
				CLANG_ANALYZER_NUMBER_OBJECT_CONVERSION = YES_AGGRESSIVE;
				CLANG_CXX_LANGUAGE_STANDARD = "gnu++17";
				CLANG_ENABLE_MODULES = YES;
				CLANG_ENABLE_OBJC_ARC = YES;
				CLANG_ENABLE_OBJC_WEAK = YES;
				CLANG_WARN_BLOCK_CAPTURE_AUTORELEASING = YES;
				CLANG_WARN_BOOL_CONVERSION = YES;
				CLANG_WARN_COMMA = YES;
				CLANG_WARN_CONSTANT_CONVERSION = YES;
				CLANG_WARN_DEPRECATED_OBJC_IMPLEMENTATIONS = YES;
				CLANG_WARN_DIRECT_OBJC_ISA_USAGE = YES_ERROR;
				CLANG_WARN_DOCUMENTATION_COMMENTS = YES;
				CLANG_WARN_EMPTY_BODY = YES;
				CLANG_WARN_ENUM_CONVERSION = YES;
				CLANG_WARN_INFINITE_RECURSION = YES;
				CLANG_WARN_INT_CONVERSION = YES;
				CLANG_WARN_NON_LITERAL_NULL_CONVERSION = YES;
				CLANG_WARN_OBJC_IMPLICIT_RETAIN_SELF = YES;
				CLANG_WARN_OBJC_LITERAL_CONVERSION = YES;
				CLANG_WARN_OBJC_ROOT_CLASS = YES_ERROR;
				CLANG_WARN_QUOTED_INCLUDE_IN_FRAMEWORK_HEADER = YES;
				CLANG_WARN_RANGE_LOOP_ANALYSIS = YES;
				CLANG_WARN_STRICT_PROTOTYPES = YES;
				CLANG_WARN_SUSPICIOUS_MOVE = YES;
				CLANG_WARN_UNGUARDED_AVAILABILITY = YES_AGGRESSIVE;
				CLANG_WARN_UNREACHABLE_CODE = YES;
				CLANG_WARN__DUPLICATE_METHOD_MATCH = YES;
				COPY_PHASE_STRIP = NO;
				DEBUG_INFORMATION_FORMAT = "dwarf-with-dsym";
				ENABLE_NS_ASSERTIONS = NO;
				ENABLE_STRICT_OBJC_MSGSEND = YES;
				GCC_C_LANGUAGE_STANDARD = gnu11;
				GCC_NO_COMMON_BLOCKS = YES;
				GCC_WARN_64_TO_32_BIT_CONVERSION = YES;
				GCC_WARN_ABOUT_RETURN_TYPE = YES_ERROR;
				GCC_WARN_UNDECLARED_SELECTOR = YES;
				GCC_WARN_UNINITIALIZED_AUTOS = YES_AGGRESSIVE;
				GCC_WARN_UNUSED_FUNCTION = YES;
				GCC_WARN_UNUSED_VARIABLE = YES;
				IPHONEOS_DEPLOYMENT_TARGET = 15.5;
				MTL_ENABLE_DEBUG_INFO = NO;
				MTL_FAST_MATH = YES;
				SDKROOT = iphoneos;
				SWIFT_COMPILATION_MODE = wholemodule;
				SWIFT_OPTIMIZATION_LEVEL = "-O";
				VALIDATE_PRODUCT = YES;
			};
			name = Release;
		};
		5AE6F3102B0BEA5F001C815F /* Debug */ = {
			isa = XCBuildConfiguration;
			buildSettings = {
				ASSETCATALOG_COMPILER_APPICON_NAME = AppIcon;
				ASSETCATALOG_COMPILER_GLOBAL_ACCENT_COLOR_NAME = AccentColor;
				CODE_SIGN_STYLE = Automatic;
				CURRENT_PROJECT_VERSION = 1;
				DEVELOPMENT_TEAM = QJRK3DJBSH;
				GENERATE_INFOPLIST_FILE = YES;
				INFOPLIST_FILE = MobileAppDevFinal/Info.plist;
				INFOPLIST_KEY_UIApplicationSupportsIndirectInputEvents = YES;
				INFOPLIST_KEY_UILaunchStoryboardName = LaunchScreen;
				INFOPLIST_KEY_UIMainStoryboardFile = Main;
				INFOPLIST_KEY_UISupportedInterfaceOrientations_iPad = "UIInterfaceOrientationPortrait UIInterfaceOrientationPortraitUpsideDown UIInterfaceOrientationLandscapeLeft UIInterfaceOrientationLandscapeRight";
				INFOPLIST_KEY_UISupportedInterfaceOrientations_iPhone = "UIInterfaceOrientationPortrait UIInterfaceOrientationLandscapeLeft UIInterfaceOrientationLandscapeRight";
				LD_RUNPATH_SEARCH_PATHS = (
					"$(inherited)",
					"@executable_path/Frameworks",
				);
				MARKETING_VERSION = 1.0;
				PRODUCT_BUNDLE_IDENTIFIER = com.nuios.MobileAppDevFinal;
				PRODUCT_NAME = "$(TARGET_NAME)";
				SWIFT_EMIT_LOC_STRINGS = YES;
				SWIFT_VERSION = 5.0;
				TARGETED_DEVICE_FAMILY = "1,2";
			};
			name = Debug;
		};
		5AE6F3112B0BEA5F001C815F /* Release */ = {
			isa = XCBuildConfiguration;
			buildSettings = {
				ASSETCATALOG_COMPILER_APPICON_NAME = AppIcon;
				ASSETCATALOG_COMPILER_GLOBAL_ACCENT_COLOR_NAME = AccentColor;
				CODE_SIGN_STYLE = Automatic;
				CURRENT_PROJECT_VERSION = 1;
				DEVELOPMENT_TEAM = QJRK3DJBSH;
				GENERATE_INFOPLIST_FILE = YES;
				INFOPLIST_FILE = MobileAppDevFinal/Info.plist;
				INFOPLIST_KEY_UIApplicationSupportsIndirectInputEvents = YES;
				INFOPLIST_KEY_UILaunchStoryboardName = LaunchScreen;
				INFOPLIST_KEY_UIMainStoryboardFile = Main;
				INFOPLIST_KEY_UISupportedInterfaceOrientations_iPad = "UIInterfaceOrientationPortrait UIInterfaceOrientationPortraitUpsideDown UIInterfaceOrientationLandscapeLeft UIInterfaceOrientationLandscapeRight";
				INFOPLIST_KEY_UISupportedInterfaceOrientations_iPhone = "UIInterfaceOrientationPortrait UIInterfaceOrientationLandscapeLeft UIInterfaceOrientationLandscapeRight";
				LD_RUNPATH_SEARCH_PATHS = (
					"$(inherited)",
					"@executable_path/Frameworks",
				);
				MARKETING_VERSION = 1.0;
				PRODUCT_BUNDLE_IDENTIFIER = com.nuios.MobileAppDevFinal;
				PRODUCT_NAME = "$(TARGET_NAME)";
				SWIFT_EMIT_LOC_STRINGS = YES;
				SWIFT_VERSION = 5.0;
				TARGETED_DEVICE_FAMILY = "1,2";
			};
			name = Release;
		};
/* End XCBuildConfiguration section */

/* Begin XCConfigurationList section */
		5AE6F2E02B0BEA59001C815F /* Build configuration list for PBXProject "MobileAppDevFinal" */ = {
			isa = XCConfigurationList;
			buildConfigurations = (
				5AE6F30D2B0BEA5F001C815F /* Debug */,
				5AE6F30E2B0BEA5F001C815F /* Release */,
			);
			defaultConfigurationIsVisible = 0;
			defaultConfigurationName = Release;
		};
		5AE6F30F2B0BEA5F001C815F /* Build configuration list for PBXNativeTarget "MobileAppDevFinal" */ = {
			isa = XCConfigurationList;
			buildConfigurations = (
				5AE6F3102B0BEA5F001C815F /* Debug */,
				5AE6F3112B0BEA5F001C815F /* Release */,
			);
			defaultConfigurationIsVisible = 0;
			defaultConfigurationName = Release;
		};
/* End XCConfigurationList section */

/* Begin XCRemoteSwiftPackageReference section */
		5AE6F3182B0BF0A7001C815F /* XCRemoteSwiftPackageReference "firebase-ios-sdk" */ = {
			isa = XCRemoteSwiftPackageReference;
			repositoryURL = "https://github.com/firebase/firebase-ios-sdk";
			requirement = {
				branch = master;
				kind = branch;
			};
		};
/* End XCRemoteSwiftPackageReference section */

/* Begin XCSwiftPackageProductDependency section */
		5AE6F3192B0BF0A7001C815F /* FirebaseAuth */ = {
			isa = XCSwiftPackageProductDependency;
			package = 5AE6F3182B0BF0A7001C815F /* XCRemoteSwiftPackageReference "firebase-ios-sdk" */;
			productName = FirebaseAuth;
		};
		5AE6F31B2B0BF0A7001C815F /* FirebaseFirestore */ = {
			isa = XCSwiftPackageProductDependency;
			package = 5AE6F3182B0BF0A7001C815F /* XCRemoteSwiftPackageReference "firebase-ios-sdk" */;
			productName = FirebaseFirestore;
		};
		5AE6F31D2B0BF0A7001C815F /* FirebaseFirestoreSwift */ = {
			isa = XCSwiftPackageProductDependency;
			package = 5AE6F3182B0BF0A7001C815F /* XCRemoteSwiftPackageReference "firebase-ios-sdk" */;
			productName = FirebaseFirestoreSwift;
		};
		5AE6F31F2B0BF0A7001C815F /* FirebaseStorage */ = {
			isa = XCSwiftPackageProductDependency;
			package = 5AE6F3182B0BF0A7001C815F /* XCRemoteSwiftPackageReference "firebase-ios-sdk" */;
			productName = FirebaseStorage;
		};
/* End XCSwiftPackageProductDependency section */
	};
	rootObject = 5AE6F2DD2B0BEA59001C815F /* Project object */;
}
