// !$*UTF8*$!
{
	archiveVersion = 1;
	classes = {
	};
	objectVersion = 55;
	objects = {

/* Begin PBXBuildFile section */
		486DFB4113010B48FD7D9561 /* Pods_MobileAppDevFinal.framework in Frameworks */ = {isa = PBXBuildFile; fileRef = CE2786F32A5D38EF9867F61D /* Pods_MobileAppDevFinal.framework */; };
		5AE6F2E92B0BEA59001C815F /* AppDelegate.swift in Sources */ = {isa = PBXBuildFile; fileRef = 5AE6F2E82B0BEA59001C815F /* AppDelegate.swift */; };
		5AE6F2EB2B0BEA59001C815F /* SceneDelegate.swift in Sources */ = {isa = PBXBuildFile; fileRef = 5AE6F2EA2B0BEA59001C815F /* SceneDelegate.swift */; };
		5AE6F2ED2B0BEA59001C815F /* ViewController.swift in Sources */ = {isa = PBXBuildFile; fileRef = 5AE6F2EC2B0BEA59001C815F /* ViewController.swift */; };
		5AE6F2F02B0BEA59001C815F /* Main.storyboard in Resources */ = {isa = PBXBuildFile; fileRef = 5AE6F2EE2B0BEA59001C815F /* Main.storyboard */; };
		5AE6F2F22B0BEA5F001C815F /* Assets.xcassets in Resources */ = {isa = PBXBuildFile; fileRef = 5AE6F2F12B0BEA5F001C815F /* Assets.xcassets */; };
		5AE6F2F52B0BEA5F001C815F /* LaunchScreen.storyboard in Resources */ = {isa = PBXBuildFile; fileRef = 5AE6F2F32B0BEA5F001C815F /* LaunchScreen.storyboard */; };
		5AE6F3002B0BEA5F001C815F /* MobileAppDevFinalTests.swift in Sources */ = {isa = PBXBuildFile; fileRef = 5AE6F2FF2B0BEA5F001C815F /* MobileAppDevFinalTests.swift */; };
		5AE6F30A2B0BEA5F001C815F /* MobileAppDevFinalUITests.swift in Sources */ = {isa = PBXBuildFile; fileRef = 5AE6F3092B0BEA5F001C815F /* MobileAppDevFinalUITests.swift */; };
		5AE6F30C2B0BEA5F001C815F /* MobileAppDevFinalUITestsLaunchTests.swift in Sources */ = {isa = PBXBuildFile; fileRef = 5AE6F30B2B0BEA5F001C815F /* MobileAppDevFinalUITestsLaunchTests.swift */; };
		5AE6F31A2B0BF0A7001C815F /* FirebaseAuth in Frameworks */ = {isa = PBXBuildFile; productRef = 5AE6F3192B0BF0A7001C815F /* FirebaseAuth */; };
		5AE6F31C2B0BF0A7001C815F /* FirebaseFirestore in Frameworks */ = {isa = PBXBuildFile; productRef = 5AE6F31B2B0BF0A7001C815F /* FirebaseFirestore */; };
		5AE6F31E2B0BF0A7001C815F /* FirebaseFirestoreSwift in Frameworks */ = {isa = PBXBuildFile; productRef = 5AE6F31D2B0BF0A7001C815F /* FirebaseFirestoreSwift */; };
		5AE6F3202B0BF0A7001C815F /* FirebaseStorage in Frameworks */ = {isa = PBXBuildFile; productRef = 5AE6F31F2B0BF0A7001C815F /* FirebaseStorage */; };
		62AAFA377EEA5CE0EFF955EE /* Pods_MobileAppDevFinalTests.framework in Frameworks */ = {isa = PBXBuildFile; fileRef = 43A6E9D2CD166516DF588BF8 /* Pods_MobileAppDevFinalTests.framework */; };
		97AFB3E203E26313AE22D692 /* Pods_MobileAppDevFinal_MobileAppDevFinalUITests.framework in Frameworks */ = {isa = PBXBuildFile; fileRef = F3C2BB3D60128B51994580B0 /* Pods_MobileAppDevFinal_MobileAppDevFinalUITests.framework */; };
/* End PBXBuildFile section */

/* Begin PBXContainerItemProxy section */
		5AE6F2FC2B0BEA5F001C815F /* PBXContainerItemProxy */ = {
			isa = PBXContainerItemProxy;
			containerPortal = 5AE6F2DD2B0BEA59001C815F /* Project object */;
			proxyType = 1;
			remoteGlobalIDString = 5AE6F2E42B0BEA59001C815F;
			remoteInfo = MobileAppDevFinal;
		};
		5AE6F3062B0BEA5F001C815F /* PBXContainerItemProxy */ = {
			isa = PBXContainerItemProxy;
			containerPortal = 5AE6F2DD2B0BEA59001C815F /* Project object */;
			proxyType = 1;
			remoteGlobalIDString = 5AE6F2E42B0BEA59001C815F;
			remoteInfo = MobileAppDevFinal;
		};
/* End PBXContainerItemProxy section */

/* Begin PBXFileReference section */
		0B4D2BB9B8093F6CC0D8356C /* Pods-MobileAppDevFinal.debug.xcconfig */ = {isa = PBXFileReference; includeInIndex = 1; lastKnownFileType = text.xcconfig; name = "Pods-MobileAppDevFinal.debug.xcconfig"; path = "Target Support Files/Pods-MobileAppDevFinal/Pods-MobileAppDevFinal.debug.xcconfig"; sourceTree = "<group>"; };
		29115C1712CE5E1FF4835B3B /* Pods-MobileAppDevFinal-MobileAppDevFinalUITests.release.xcconfig */ = {isa = PBXFileReference; includeInIndex = 1; lastKnownFileType = text.xcconfig; name = "Pods-MobileAppDevFinal-MobileAppDevFinalUITests.release.xcconfig"; path = "Target Support Files/Pods-MobileAppDevFinal-MobileAppDevFinalUITests/Pods-MobileAppDevFinal-MobileAppDevFinalUITests.release.xcconfig"; sourceTree = "<group>"; };
		43A6E9D2CD166516DF588BF8 /* Pods_MobileAppDevFinalTests.framework */ = {isa = PBXFileReference; explicitFileType = wrapper.framework; includeInIndex = 0; path = Pods_MobileAppDevFinalTests.framework; sourceTree = BUILT_PRODUCTS_DIR; };
		452A3C004D7ADC0CDE7E4DAF /* Pods-MobileAppDevFinal.release.xcconfig */ = {isa = PBXFileReference; includeInIndex = 1; lastKnownFileType = text.xcconfig; name = "Pods-MobileAppDevFinal.release.xcconfig"; path = "Target Support Files/Pods-MobileAppDevFinal/Pods-MobileAppDevFinal.release.xcconfig"; sourceTree = "<group>"; };
		5AE6F2E52B0BEA59001C815F /* MobileAppDevFinal.app */ = {isa = PBXFileReference; explicitFileType = wrapper.application; includeInIndex = 0; path = MobileAppDevFinal.app; sourceTree = BUILT_PRODUCTS_DIR; };
		5AE6F2E82B0BEA59001C815F /* AppDelegate.swift */ = {isa = PBXFileReference; lastKnownFileType = sourcecode.swift; path = AppDelegate.swift; sourceTree = "<group>"; };
		5AE6F2EA2B0BEA59001C815F /* SceneDelegate.swift */ = {isa = PBXFileReference; lastKnownFileType = sourcecode.swift; path = SceneDelegate.swift; sourceTree = "<group>"; };
		5AE6F2EC2B0BEA59001C815F /* ViewController.swift */ = {isa = PBXFileReference; lastKnownFileType = sourcecode.swift; path = ViewController.swift; sourceTree = "<group>"; };
		5AE6F2EF2B0BEA59001C815F /* Base */ = {isa = PBXFileReference; lastKnownFileType = file.storyboard; name = Base; path = Base.lproj/Main.storyboard; sourceTree = "<group>"; };
		5AE6F2F12B0BEA5F001C815F /* Assets.xcassets */ = {isa = PBXFileReference; lastKnownFileType = folder.assetcatalog; path = Assets.xcassets; sourceTree = "<group>"; };
		5AE6F2F42B0BEA5F001C815F /* Base */ = {isa = PBXFileReference; lastKnownFileType = file.storyboard; name = Base; path = Base.lproj/LaunchScreen.storyboard; sourceTree = "<group>"; };
		5AE6F2F62B0BEA5F001C815F /* Info.plist */ = {isa = PBXFileReference; lastKnownFileType = text.plist.xml; path = Info.plist; sourceTree = "<group>"; };
		5AE6F2FB2B0BEA5F001C815F /* MobileAppDevFinalTests.xctest */ = {isa = PBXFileReference; explicitFileType = wrapper.cfbundle; includeInIndex = 0; path = MobileAppDevFinalTests.xctest; sourceTree = BUILT_PRODUCTS_DIR; };
		5AE6F2FF2B0BEA5F001C815F /* MobileAppDevFinalTests.swift */ = {isa = PBXFileReference; lastKnownFileType = sourcecode.swift; path = MobileAppDevFinalTests.swift; sourceTree = "<group>"; };
		5AE6F3052B0BEA5F001C815F /* MobileAppDevFinalUITests.xctest */ = {isa = PBXFileReference; explicitFileType = wrapper.cfbundle; includeInIndex = 0; path = MobileAppDevFinalUITests.xctest; sourceTree = BUILT_PRODUCTS_DIR; };
		5AE6F3092B0BEA5F001C815F /* MobileAppDevFinalUITests.swift */ = {isa = PBXFileReference; lastKnownFileType = sourcecode.swift; path = MobileAppDevFinalUITests.swift; sourceTree = "<group>"; };
		5AE6F30B2B0BEA5F001C815F /* MobileAppDevFinalUITestsLaunchTests.swift */ = {isa = PBXFileReference; lastKnownFileType = sourcecode.swift; path = MobileAppDevFinalUITestsLaunchTests.swift; sourceTree = "<group>"; };
		5CC424B947C69A9820F882BC /* Pods-MobileAppDevFinalTests.debug.xcconfig */ = {isa = PBXFileReference; includeInIndex = 1; lastKnownFileType = text.xcconfig; name = "Pods-MobileAppDevFinalTests.debug.xcconfig"; path = "Target Support Files/Pods-MobileAppDevFinalTests/Pods-MobileAppDevFinalTests.debug.xcconfig"; sourceTree = "<group>"; };
		9C97EB46D094E8DFCC30BB05 /* Pods-MobileAppDevFinal-MobileAppDevFinalUITests.debug.xcconfig */ = {isa = PBXFileReference; includeInIndex = 1; lastKnownFileType = text.xcconfig; name = "Pods-MobileAppDevFinal-MobileAppDevFinalUITests.debug.xcconfig"; path = "Target Support Files/Pods-MobileAppDevFinal-MobileAppDevFinalUITests/Pods-MobileAppDevFinal-MobileAppDevFinalUITests.debug.xcconfig"; sourceTree = "<group>"; };
		A489F842FB15C452F5E3B76C /* Pods-MobileAppDevFinalTests.release.xcconfig */ = {isa = PBXFileReference; includeInIndex = 1; lastKnownFileType = text.xcconfig; name = "Pods-MobileAppDevFinalTests.release.xcconfig"; path = "Target Support Files/Pods-MobileAppDevFinalTests/Pods-MobileAppDevFinalTests.release.xcconfig"; sourceTree = "<group>"; };
		CE2786F32A5D38EF9867F61D /* Pods_MobileAppDevFinal.framework */ = {isa = PBXFileReference; explicitFileType = wrapper.framework; includeInIndex = 0; path = Pods_MobileAppDevFinal.framework; sourceTree = BUILT_PRODUCTS_DIR; };
		F3C2BB3D60128B51994580B0 /* Pods_MobileAppDevFinal_MobileAppDevFinalUITests.framework */ = {isa = PBXFileReference; explicitFileType = wrapper.framework; includeInIndex = 0; path = Pods_MobileAppDevFinal_MobileAppDevFinalUITests.framework; sourceTree = BUILT_PRODUCTS_DIR; };
/* End PBXFileReference section */

/* Begin PBXFrameworksBuildPhase section */
		5AE6F2E22B0BEA59001C815F /* Frameworks */ = {
			isa = PBXFrameworksBuildPhase;
			buildActionMask = 2147483647;
			files = (
				5AE6F31A2B0BF0A7001C815F /* FirebaseAuth in Frameworks */,
				5AE6F3202B0BF0A7001C815F /* FirebaseStorage in Frameworks */,
				5AE6F31C2B0BF0A7001C815F /* FirebaseFirestore in Frameworks */,
				5AE6F31E2B0BF0A7001C815F /* FirebaseFirestoreSwift in Frameworks */,
				486DFB4113010B48FD7D9561 /* Pods_MobileAppDevFinal.framework in Frameworks */,
			);
			runOnlyForDeploymentPostprocessing = 0;
		};
		5AE6F2F82B0BEA5F001C815F /* Frameworks */ = {
			isa = PBXFrameworksBuildPhase;
			buildActionMask = 2147483647;
			files = (
				62AAFA377EEA5CE0EFF955EE /* Pods_MobileAppDevFinalTests.framework in Frameworks */,
			);
			runOnlyForDeploymentPostprocessing = 0;
		};
		5AE6F3022B0BEA5F001C815F /* Frameworks */ = {
			isa = PBXFrameworksBuildPhase;
			buildActionMask = 2147483647;
			files = (
				97AFB3E203E26313AE22D692 /* Pods_MobileAppDevFinal_MobileAppDevFinalUITests.framework in Frameworks */,
			);
			runOnlyForDeploymentPostprocessing = 0;
		};
/* End PBXFrameworksBuildPhase section */

/* Begin PBXGroup section */
		51498FD65375DF3E49EEAEB2 /* Frameworks */ = {
			isa = PBXGroup;
			children = (
				CE2786F32A5D38EF9867F61D /* Pods_MobileAppDevFinal.framework */,
				F3C2BB3D60128B51994580B0 /* Pods_MobileAppDevFinal_MobileAppDevFinalUITests.framework */,
				43A6E9D2CD166516DF588BF8 /* Pods_MobileAppDevFinalTests.framework */,
			);
			name = Frameworks;
			sourceTree = "<group>";
		};
		5AE6F2DC2B0BEA58001C815F = {
			isa = PBXGroup;
			children = (
				5AE6F2E72B0BEA59001C815F /* MobileAppDevFinal */,
				5AE6F2FE2B0BEA5F001C815F /* MobileAppDevFinalTests */,
				5AE6F3082B0BEA5F001C815F /* MobileAppDevFinalUITests */,
				5AE6F2E62B0BEA59001C815F /* Products */,
				F979A334AE5194A76B610B2B /* Pods */,
				51498FD65375DF3E49EEAEB2 /* Frameworks */,
			);
			sourceTree = "<group>";
		};
		5AE6F2E62B0BEA59001C815F /* Products */ = {
			isa = PBXGroup;
			children = (
				5AE6F2E52B0BEA59001C815F /* MobileAppDevFinal.app */,
				5AE6F2FB2B0BEA5F001C815F /* MobileAppDevFinalTests.xctest */,
				5AE6F3052B0BEA5F001C815F /* MobileAppDevFinalUITests.xctest */,
			);
			name = Products;
			sourceTree = "<group>";
		};
		5AE6F2E72B0BEA59001C815F /* MobileAppDevFinal */ = {
			isa = PBXGroup;
			children = (
				5AE6F2E82B0BEA59001C815F /* AppDelegate.swift */,
				5AE6F2EA2B0BEA59001C815F /* SceneDelegate.swift */,
				5AE6F2EC2B0BEA59001C815F /* ViewController.swift */,
				5AE6F2EE2B0BEA59001C815F /* Main.storyboard */,
				5AE6F2F12B0BEA5F001C815F /* Assets.xcassets */,
				5AE6F2F32B0BEA5F001C815F /* LaunchScreen.storyboard */,
				5AE6F2F62B0BEA5F001C815F /* Info.plist */,
			);
			path = MobileAppDevFinal;
			sourceTree = "<group>";
		};
		5AE6F2FE2B0BEA5F001C815F /* MobileAppDevFinalTests */ = {
			isa = PBXGroup;
			children = (
				5AE6F2FF2B0BEA5F001C815F /* MobileAppDevFinalTests.swift */,
			);
			path = MobileAppDevFinalTests;
			sourceTree = "<group>";
		};
		5AE6F3082B0BEA5F001C815F /* MobileAppDevFinalUITests */ = {
			isa = PBXGroup;
			children = (
				5AE6F3092B0BEA5F001C815F /* MobileAppDevFinalUITests.swift */,
				5AE6F30B2B0BEA5F001C815F /* MobileAppDevFinalUITestsLaunchTests.swift */,
			);
			path = MobileAppDevFinalUITests;
			sourceTree = "<group>";
		};
		F979A334AE5194A76B610B2B /* Pods */ = {
			isa = PBXGroup;
			children = (
				0B4D2BB9B8093F6CC0D8356C /* Pods-MobileAppDevFinal.debug.xcconfig */,
				452A3C004D7ADC0CDE7E4DAF /* Pods-MobileAppDevFinal.release.xcconfig */,
				9C97EB46D094E8DFCC30BB05 /* Pods-MobileAppDevFinal-MobileAppDevFinalUITests.debug.xcconfig */,
				29115C1712CE5E1FF4835B3B /* Pods-MobileAppDevFinal-MobileAppDevFinalUITests.release.xcconfig */,
				5CC424B947C69A9820F882BC /* Pods-MobileAppDevFinalTests.debug.xcconfig */,
				A489F842FB15C452F5E3B76C /* Pods-MobileAppDevFinalTests.release.xcconfig */,
			);
			name = Pods;
			path = Pods;
			sourceTree = "<group>";
		};
/* End PBXGroup section */

/* Begin PBXNativeTarget section */
		5AE6F2E42B0BEA59001C815F /* MobileAppDevFinal */ = {
			isa = PBXNativeTarget;
			buildConfigurationList = 5AE6F30F2B0BEA5F001C815F /* Build configuration list for PBXNativeTarget "MobileAppDevFinal" */;
			buildPhases = (
				E10B0C0DDE5B0C91FA23FCCC /* [CP] Check Pods Manifest.lock */,
				5AE6F2E12B0BEA59001C815F /* Sources */,
				5AE6F2E22B0BEA59001C815F /* Frameworks */,
				5AE6F2E32B0BEA59001C815F /* Resources */,
				FF452315327E955243D72020 /* [CP] Embed Pods Frameworks */,
			);
			buildRules = (
			);
			dependencies = (
			);
			name = MobileAppDevFinal;
			packageProductDependencies = (
				5AE6F3192B0BF0A7001C815F /* FirebaseAuth */,
				5AE6F31B2B0BF0A7001C815F /* FirebaseFirestore */,
				5AE6F31D2B0BF0A7001C815F /* FirebaseFirestoreSwift */,
				5AE6F31F2B0BF0A7001C815F /* FirebaseStorage */,
			);
			productName = MobileAppDevFinal;
			productReference = 5AE6F2E52B0BEA59001C815F /* MobileAppDevFinal.app */;
			productType = "com.apple.product-type.application";
		};
		5AE6F2FA2B0BEA5F001C815F /* MobileAppDevFinalTests */ = {
			isa = PBXNativeTarget;
			buildConfigurationList = 5AE6F3122B0BEA5F001C815F /* Build configuration list for PBXNativeTarget "MobileAppDevFinalTests" */;
			buildPhases = (
				3106EA0B47740D4CB052C64B /* [CP] Check Pods Manifest.lock */,
				5AE6F2F72B0BEA5F001C815F /* Sources */,
				5AE6F2F82B0BEA5F001C815F /* Frameworks */,
				5AE6F2F92B0BEA5F001C815F /* Resources */,
			);
			buildRules = (
			);
			dependencies = (
				5AE6F2FD2B0BEA5F001C815F /* PBXTargetDependency */,
			);
			name = MobileAppDevFinalTests;
			productName = MobileAppDevFinalTests;
			productReference = 5AE6F2FB2B0BEA5F001C815F /* MobileAppDevFinalTests.xctest */;
			productType = "com.apple.product-type.bundle.unit-test";
		};
		5AE6F3042B0BEA5F001C815F /* MobileAppDevFinalUITests */ = {
			isa = PBXNativeTarget;
			buildConfigurationList = 5AE6F3152B0BEA5F001C815F /* Build configuration list for PBXNativeTarget "MobileAppDevFinalUITests" */;
			buildPhases = (
				675E858FB0DE9FEB2AFB3E69 /* [CP] Check Pods Manifest.lock */,
				5AE6F3012B0BEA5F001C815F /* Sources */,
				5AE6F3022B0BEA5F001C815F /* Frameworks */,
				5AE6F3032B0BEA5F001C815F /* Resources */,
				BC7097536A396BDEFC054439 /* [CP] Embed Pods Frameworks */,
			);
			buildRules = (
			);
			dependencies = (
				5AE6F3072B0BEA5F001C815F /* PBXTargetDependency */,
			);
			name = MobileAppDevFinalUITests;
			productName = MobileAppDevFinalUITests;
			productReference = 5AE6F3052B0BEA5F001C815F /* MobileAppDevFinalUITests.xctest */;
			productType = "com.apple.product-type.bundle.ui-testing";
		};
/* End PBXNativeTarget section */

/* Begin PBXProject section */
		5AE6F2DD2B0BEA59001C815F /* Project object */ = {
			isa = PBXProject;
			attributes = {
				BuildIndependentTargetsInParallel = 1;
				LastSwiftUpdateCheck = 1340;
				LastUpgradeCheck = 1340;
				TargetAttributes = {
					5AE6F2E42B0BEA59001C815F = {
						CreatedOnToolsVersion = 13.4.1;
					};
					5AE6F2FA2B0BEA5F001C815F = {
						CreatedOnToolsVersion = 13.4.1;
						TestTargetID = 5AE6F2E42B0BEA59001C815F;
					};
					5AE6F3042B0BEA5F001C815F = {
						CreatedOnToolsVersion = 13.4.1;
						TestTargetID = 5AE6F2E42B0BEA59001C815F;
					};
				};
			};
			buildConfigurationList = 5AE6F2E02B0BEA59001C815F /* Build configuration list for PBXProject "MobileAppDevFinal" */;
			compatibilityVersion = "Xcode 13.0";
			developmentRegion = en;
			hasScannedForEncodings = 0;
			knownRegions = (
				en,
				Base,
			);
			mainGroup = 5AE6F2DC2B0BEA58001C815F;
			packageReferences = (
				5AE6F3182B0BF0A7001C815F /* XCRemoteSwiftPackageReference "firebase-ios-sdk" */,
			);
			productRefGroup = 5AE6F2E62B0BEA59001C815F /* Products */;
			projectDirPath = "";
			projectRoot = "";
			targets = (
				5AE6F2E42B0BEA59001C815F /* MobileAppDevFinal */,
				5AE6F2FA2B0BEA5F001C815F /* MobileAppDevFinalTests */,
				5AE6F3042B0BEA5F001C815F /* MobileAppDevFinalUITests */,
			);
		};
/* End PBXProject section */

/* Begin PBXResourcesBuildPhase section */
		5AE6F2E32B0BEA59001C815F /* Resources */ = {
			isa = PBXResourcesBuildPhase;
			buildActionMask = 2147483647;
			files = (
				5AE6F2F52B0BEA5F001C815F /* LaunchScreen.storyboard in Resources */,
				5AE6F2F22B0BEA5F001C815F /* Assets.xcassets in Resources */,
				5AE6F2F02B0BEA59001C815F /* Main.storyboard in Resources */,
			);
			runOnlyForDeploymentPostprocessing = 0;
		};
		5AE6F2F92B0BEA5F001C815F /* Resources */ = {
			isa = PBXResourcesBuildPhase;
			buildActionMask = 2147483647;
			files = (
			);
			runOnlyForDeploymentPostprocessing = 0;
		};
		5AE6F3032B0BEA5F001C815F /* Resources */ = {
			isa = PBXResourcesBuildPhase;
			buildActionMask = 2147483647;
			files = (
			);
			runOnlyForDeploymentPostprocessing = 0;
		};
/* End PBXResourcesBuildPhase section */

/* Begin PBXShellScriptBuildPhase section */
		3106EA0B47740D4CB052C64B /* [CP] Check Pods Manifest.lock */ = {
			isa = PBXShellScriptBuildPhase;
			buildActionMask = 2147483647;
			files = (
			);
			inputFileListPaths = (
			);
			inputPaths = (
				"${PODS_PODFILE_DIR_PATH}/Podfile.lock",
				"${PODS_ROOT}/Manifest.lock",
			);
			name = "[CP] Check Pods Manifest.lock";
			outputFileListPaths = (
			);
			outputPaths = (
				"$(DERIVED_FILE_DIR)/Pods-MobileAppDevFinalTests-checkManifestLockResult.txt",
			);
			runOnlyForDeploymentPostprocessing = 0;
			shellPath = /bin/sh;
			shellScript = "diff \"${PODS_PODFILE_DIR_PATH}/Podfile.lock\" \"${PODS_ROOT}/Manifest.lock\" > /dev/null\nif [ $? != 0 ] ; then\n    # print error to STDERR\n    echo \"error: The sandbox is not in sync with the Podfile.lock. Run 'pod install' or update your CocoaPods installation.\" >&2\n    exit 1\nfi\n# This output is used by Xcode 'outputs' to avoid re-running this script phase.\necho \"SUCCESS\" > \"${SCRIPT_OUTPUT_FILE_0}\"\n";
			showEnvVarsInLog = 0;
		};
		675E858FB0DE9FEB2AFB3E69 /* [CP] Check Pods Manifest.lock */ = {
			isa = PBXShellScriptBuildPhase;
			buildActionMask = 2147483647;
			files = (
			);
			inputFileListPaths = (
			);
			inputPaths = (
				"${PODS_PODFILE_DIR_PATH}/Podfile.lock",
				"${PODS_ROOT}/Manifest.lock",
			);
			name = "[CP] Check Pods Manifest.lock";
			outputFileListPaths = (
			);
			outputPaths = (
				"$(DERIVED_FILE_DIR)/Pods-MobileAppDevFinal-MobileAppDevFinalUITests-checkManifestLockResult.txt",
			);
			runOnlyForDeploymentPostprocessing = 0;
			shellPath = /bin/sh;
			shellScript = "diff \"${PODS_PODFILE_DIR_PATH}/Podfile.lock\" \"${PODS_ROOT}/Manifest.lock\" > /dev/null\nif [ $? != 0 ] ; then\n    # print error to STDERR\n    echo \"error: The sandbox is not in sync with the Podfile.lock. Run 'pod install' or update your CocoaPods installation.\" >&2\n    exit 1\nfi\n# This output is used by Xcode 'outputs' to avoid re-running this script phase.\necho \"SUCCESS\" > \"${SCRIPT_OUTPUT_FILE_0}\"\n";
			showEnvVarsInLog = 0;
		};
		BC7097536A396BDEFC054439 /* [CP] Embed Pods Frameworks */ = {
			isa = PBXShellScriptBuildPhase;
			buildActionMask = 2147483647;
			files = (
			);
			inputFileListPaths = (
				"${PODS_ROOT}/Target Support Files/Pods-MobileAppDevFinal-MobileAppDevFinalUITests/Pods-MobileAppDevFinal-MobileAppDevFinalUITests-frameworks-${CONFIGURATION}-input-files.xcfilelist",
			);
			name = "[CP] Embed Pods Frameworks";
			outputFileListPaths = (
				"${PODS_ROOT}/Target Support Files/Pods-MobileAppDevFinal-MobileAppDevFinalUITests/Pods-MobileAppDevFinal-MobileAppDevFinalUITests-frameworks-${CONFIGURATION}-output-files.xcfilelist",
			);
			runOnlyForDeploymentPostprocessing = 0;
			shellPath = /bin/sh;
			shellScript = "\"${PODS_ROOT}/Target Support Files/Pods-MobileAppDevFinal-MobileAppDevFinalUITests/Pods-MobileAppDevFinal-MobileAppDevFinalUITests-frameworks.sh\"\n";
			showEnvVarsInLog = 0;
		};
		E10B0C0DDE5B0C91FA23FCCC /* [CP] Check Pods Manifest.lock */ = {
			isa = PBXShellScriptBuildPhase;
			buildActionMask = 2147483647;
			files = (
			);
			inputFileListPaths = (
			);
			inputPaths = (
				"${PODS_PODFILE_DIR_PATH}/Podfile.lock",
				"${PODS_ROOT}/Manifest.lock",
			);
			name = "[CP] Check Pods Manifest.lock";
			outputFileListPaths = (
			);
			outputPaths = (
				"$(DERIVED_FILE_DIR)/Pods-MobileAppDevFinal-checkManifestLockResult.txt",
			);
			runOnlyForDeploymentPostprocessing = 0;
			shellPath = /bin/sh;
			shellScript = "diff \"${PODS_PODFILE_DIR_PATH}/Podfile.lock\" \"${PODS_ROOT}/Manifest.lock\" > /dev/null\nif [ $? != 0 ] ; then\n    # print error to STDERR\n    echo \"error: The sandbox is not in sync with the Podfile.lock. Run 'pod install' or update your CocoaPods installation.\" >&2\n    exit 1\nfi\n# This output is used by Xcode 'outputs' to avoid re-running this script phase.\necho \"SUCCESS\" > \"${SCRIPT_OUTPUT_FILE_0}\"\n";
			showEnvVarsInLog = 0;
		};
		FF452315327E955243D72020 /* [CP] Embed Pods Frameworks */ = {
			isa = PBXShellScriptBuildPhase;
			buildActionMask = 2147483647;
			files = (
			);
			inputFileListPaths = (
				"${PODS_ROOT}/Target Support Files/Pods-MobileAppDevFinal/Pods-MobileAppDevFinal-frameworks-${CONFIGURATION}-input-files.xcfilelist",
			);
			name = "[CP] Embed Pods Frameworks";
			outputFileListPaths = (
				"${PODS_ROOT}/Target Support Files/Pods-MobileAppDevFinal/Pods-MobileAppDevFinal-frameworks-${CONFIGURATION}-output-files.xcfilelist",
			);
			runOnlyForDeploymentPostprocessing = 0;
			shellPath = /bin/sh;
			shellScript = "\"${PODS_ROOT}/Target Support Files/Pods-MobileAppDevFinal/Pods-MobileAppDevFinal-frameworks.sh\"\n";
			showEnvVarsInLog = 0;
		};
/* End PBXShellScriptBuildPhase section */

/* Begin PBXSourcesBuildPhase section */
		5AE6F2E12B0BEA59001C815F /* Sources */ = {
			isa = PBXSourcesBuildPhase;
			buildActionMask = 2147483647;
			files = (
				5AE6F2ED2B0BEA59001C815F /* ViewController.swift in Sources */,
				5AE6F2E92B0BEA59001C815F /* AppDelegate.swift in Sources */,
				5AE6F2EB2B0BEA59001C815F /* SceneDelegate.swift in Sources */,
			);
			runOnlyForDeploymentPostprocessing = 0;
		};
		5AE6F2F72B0BEA5F001C815F /* Sources */ = {
			isa = PBXSourcesBuildPhase;
			buildActionMask = 2147483647;
			files = (
				5AE6F3002B0BEA5F001C815F /* MobileAppDevFinalTests.swift in Sources */,
			);
			runOnlyForDeploymentPostprocessing = 0;
		};
		5AE6F3012B0BEA5F001C815F /* Sources */ = {
			isa = PBXSourcesBuildPhase;
			buildActionMask = 2147483647;
			files = (
				5AE6F30A2B0BEA5F001C815F /* MobileAppDevFinalUITests.swift in Sources */,
				5AE6F30C2B0BEA5F001C815F /* MobileAppDevFinalUITestsLaunchTests.swift in Sources */,
			);
			runOnlyForDeploymentPostprocessing = 0;
		};
/* End PBXSourcesBuildPhase section */

/* Begin PBXTargetDependency section */
		5AE6F2FD2B0BEA5F001C815F /* PBXTargetDependency */ = {
			isa = PBXTargetDependency;
			target = 5AE6F2E42B0BEA59001C815F /* MobileAppDevFinal */;
			targetProxy = 5AE6F2FC2B0BEA5F001C815F /* PBXContainerItemProxy */;
		};
		5AE6F3072B0BEA5F001C815F /* PBXTargetDependency */ = {
			isa = PBXTargetDependency;
			target = 5AE6F2E42B0BEA59001C815F /* MobileAppDevFinal */;
			targetProxy = 5AE6F3062B0BEA5F001C815F /* PBXContainerItemProxy */;
		};
/* End PBXTargetDependency section */

/* Begin PBXVariantGroup section */
		5AE6F2EE2B0BEA59001C815F /* Main.storyboard */ = {
			isa = PBXVariantGroup;
			children = (
				5AE6F2EF2B0BEA59001C815F /* Base */,
			);
			name = Main.storyboard;
			sourceTree = "<group>";
		};
		5AE6F2F32B0BEA5F001C815F /* LaunchScreen.storyboard */ = {
			isa = PBXVariantGroup;
			children = (
				5AE6F2F42B0BEA5F001C815F /* Base */,
			);
			name = LaunchScreen.storyboard;
			sourceTree = "<group>";
		};
/* End PBXVariantGroup section */

/* Begin XCBuildConfiguration section */
		5AE6F30D2B0BEA5F001C815F /* Debug */ = {
			isa = XCBuildConfiguration;
			buildSettings = {
				ALWAYS_SEARCH_USER_PATHS = NO;
				CLANG_ANALYZER_NONNULL = YES;
				CLANG_ANALYZER_NUMBER_OBJECT_CONVERSION = YES_AGGRESSIVE;
				CLANG_CXX_LANGUAGE_STANDARD = "gnu++17";
				CLANG_ENABLE_MODULES = YES;
				CLANG_ENABLE_OBJC_ARC = YES;
				CLANG_ENABLE_OBJC_WEAK = YES;
				CLANG_WARN_BLOCK_CAPTURE_AUTORELEASING = YES;
				CLANG_WARN_BOOL_CONVERSION = YES;
				CLANG_WARN_COMMA = YES;
				CLANG_WARN_CONSTANT_CONVERSION = YES;
				CLANG_WARN_DEPRECATED_OBJC_IMPLEMENTATIONS = YES;
				CLANG_WARN_DIRECT_OBJC_ISA_USAGE = YES_ERROR;
				CLANG_WARN_DOCUMENTATION_COMMENTS = YES;
				CLANG_WARN_EMPTY_BODY = YES;
				CLANG_WARN_ENUM_CONVERSION = YES;
				CLANG_WARN_INFINITE_RECURSION = YES;
				CLANG_WARN_INT_CONVERSION = YES;
				CLANG_WARN_NON_LITERAL_NULL_CONVERSION = YES;
				CLANG_WARN_OBJC_IMPLICIT_RETAIN_SELF = YES;
				CLANG_WARN_OBJC_LITERAL_CONVERSION = YES;
				CLANG_WARN_OBJC_ROOT_CLASS = YES_ERROR;
				CLANG_WARN_QUOTED_INCLUDE_IN_FRAMEWORK_HEADER = YES;
				CLANG_WARN_RANGE_LOOP_ANALYSIS = YES;
				CLANG_WARN_STRICT_PROTOTYPES = YES;
				CLANG_WARN_SUSPICIOUS_MOVE = YES;
				CLANG_WARN_UNGUARDED_AVAILABILITY = YES_AGGRESSIVE;
				CLANG_WARN_UNREACHABLE_CODE = YES;
				CLANG_WARN__DUPLICATE_METHOD_MATCH = YES;
				COPY_PHASE_STRIP = NO;
				DEBUG_INFORMATION_FORMAT = dwarf;
				ENABLE_STRICT_OBJC_MSGSEND = YES;
				ENABLE_TESTABILITY = YES;
				GCC_C_LANGUAGE_STANDARD = gnu11;
				GCC_DYNAMIC_NO_PIC = NO;
				GCC_NO_COMMON_BLOCKS = YES;
				GCC_OPTIMIZATION_LEVEL = 0;
				GCC_PREPROCESSOR_DEFINITIONS = (
					"DEBUG=1",
					"$(inherited)",
				);
				GCC_WARN_64_TO_32_BIT_CONVERSION = YES;
				GCC_WARN_ABOUT_RETURN_TYPE = YES_ERROR;
				GCC_WARN_UNDECLARED_SELECTOR = YES;
				GCC_WARN_UNINITIALIZED_AUTOS = YES_AGGRESSIVE;
				GCC_WARN_UNUSED_FUNCTION = YES;
				GCC_WARN_UNUSED_VARIABLE = YES;
				IPHONEOS_DEPLOYMENT_TARGET = 15.5;
				MTL_ENABLE_DEBUG_INFO = INCLUDE_SOURCE;
				MTL_FAST_MATH = YES;
				ONLY_ACTIVE_ARCH = YES;
				SDKROOT = iphoneos;
				SWIFT_ACTIVE_COMPILATION_CONDITIONS = DEBUG;
				SWIFT_OPTIMIZATION_LEVEL = "-Onone";
			};
			name = Debug;
		};
		5AE6F30E2B0BEA5F001C815F /* Release */ = {
			isa = XCBuildConfiguration;
			buildSettings = {
				ALWAYS_SEARCH_USER_PATHS = NO;
				CLANG_ANALYZER_NONNULL = YES;
				CLANG_ANALYZER_NUMBER_OBJECT_CONVERSION = YES_AGGRESSIVE;
				CLANG_CXX_LANGUAGE_STANDARD = "gnu++17";
				CLANG_ENABLE_MODULES = YES;
				CLANG_ENABLE_OBJC_ARC = YES;
				CLANG_ENABLE_OBJC_WEAK = YES;
				CLANG_WARN_BLOCK_CAPTURE_AUTORELEASING = YES;
				CLANG_WARN_BOOL_CONVERSION = YES;
				CLANG_WARN_COMMA = YES;
				CLANG_WARN_CONSTANT_CONVERSION = YES;
				CLANG_WARN_DEPRECATED_OBJC_IMPLEMENTATIONS = YES;
				CLANG_WARN_DIRECT_OBJC_ISA_USAGE = YES_ERROR;
				CLANG_WARN_DOCUMENTATION_COMMENTS = YES;
				CLANG_WARN_EMPTY_BODY = YES;
				CLANG_WARN_ENUM_CONVERSION = YES;
				CLANG_WARN_INFINITE_RECURSION = YES;
				CLANG_WARN_INT_CONVERSION = YES;
				CLANG_WARN_NON_LITERAL_NULL_CONVERSION = YES;
				CLANG_WARN_OBJC_IMPLICIT_RETAIN_SELF = YES;
				CLANG_WARN_OBJC_LITERAL_CONVERSION = YES;
				CLANG_WARN_OBJC_ROOT_CLASS = YES_ERROR;
				CLANG_WARN_QUOTED_INCLUDE_IN_FRAMEWORK_HEADER = YES;
				CLANG_WARN_RANGE_LOOP_ANALYSIS = YES;
				CLANG_WARN_STRICT_PROTOTYPES = YES;
				CLANG_WARN_SUSPICIOUS_MOVE = YES;
				CLANG_WARN_UNGUARDED_AVAILABILITY = YES_AGGRESSIVE;
				CLANG_WARN_UNREACHABLE_CODE = YES;
				CLANG_WARN__DUPLICATE_METHOD_MATCH = YES;
				COPY_PHASE_STRIP = NO;
				DEBUG_INFORMATION_FORMAT = "dwarf-with-dsym";
				ENABLE_NS_ASSERTIONS = NO;
				ENABLE_STRICT_OBJC_MSGSEND = YES;
				GCC_C_LANGUAGE_STANDARD = gnu11;
				GCC_NO_COMMON_BLOCKS = YES;
				GCC_WARN_64_TO_32_BIT_CONVERSION = YES;
				GCC_WARN_ABOUT_RETURN_TYPE = YES_ERROR;
				GCC_WARN_UNDECLARED_SELECTOR = YES;
				GCC_WARN_UNINITIALIZED_AUTOS = YES_AGGRESSIVE;
				GCC_WARN_UNUSED_FUNCTION = YES;
				GCC_WARN_UNUSED_VARIABLE = YES;
				IPHONEOS_DEPLOYMENT_TARGET = 15.5;
				MTL_ENABLE_DEBUG_INFO = NO;
				MTL_FAST_MATH = YES;
				SDKROOT = iphoneos;
				SWIFT_COMPILATION_MODE = wholemodule;
				SWIFT_OPTIMIZATION_LEVEL = "-O";
				VALIDATE_PRODUCT = YES;
			};
			name = Release;
		};
		5AE6F3102B0BEA5F001C815F /* Debug */ = {
			isa = XCBuildConfiguration;
			baseConfigurationReference = 0B4D2BB9B8093F6CC0D8356C /* Pods-MobileAppDevFinal.debug.xcconfig */;
			buildSettings = {
				ASSETCATALOG_COMPILER_APPICON_NAME = AppIcon;
				ASSETCATALOG_COMPILER_GLOBAL_ACCENT_COLOR_NAME = AccentColor;
				CODE_SIGN_STYLE = Automatic;
				CURRENT_PROJECT_VERSION = 1;
				DEVELOPMENT_TEAM = QJRK3DJBSH;
				GENERATE_INFOPLIST_FILE = YES;
				INFOPLIST_FILE = MobileAppDevFinal/Info.plist;
				INFOPLIST_KEY_UIApplicationSupportsIndirectInputEvents = YES;
				INFOPLIST_KEY_UILaunchStoryboardName = LaunchScreen;
				INFOPLIST_KEY_UIMainStoryboardFile = Main;
				INFOPLIST_KEY_UISupportedInterfaceOrientations_iPad = "UIInterfaceOrientationPortrait UIInterfaceOrientationPortraitUpsideDown UIInterfaceOrientationLandscapeLeft UIInterfaceOrientationLandscapeRight";
				INFOPLIST_KEY_UISupportedInterfaceOrientations_iPhone = "UIInterfaceOrientationPortrait UIInterfaceOrientationLandscapeLeft UIInterfaceOrientationLandscapeRight";
				LD_RUNPATH_SEARCH_PATHS = (
					"$(inherited)",
					"@executable_path/Frameworks",
				);
				MARKETING_VERSION = 1.0;
				PRODUCT_BUNDLE_IDENTIFIER = com.nuios.MobileAppDevFinal;
				PRODUCT_NAME = "$(TARGET_NAME)";
				SWIFT_EMIT_LOC_STRINGS = YES;
				SWIFT_VERSION = 5.0;
				TARGETED_DEVICE_FAMILY = "1,2";
			};
			name = Debug;
		};
		5AE6F3112B0BEA5F001C815F /* Release */ = {
			isa = XCBuildConfiguration;
			baseConfigurationReference = 452A3C004D7ADC0CDE7E4DAF /* Pods-MobileAppDevFinal.release.xcconfig */;
			buildSettings = {
				ASSETCATALOG_COMPILER_APPICON_NAME = AppIcon;
				ASSETCATALOG_COMPILER_GLOBAL_ACCENT_COLOR_NAME = AccentColor;
				CODE_SIGN_STYLE = Automatic;
				CURRENT_PROJECT_VERSION = 1;
				DEVELOPMENT_TEAM = QJRK3DJBSH;
				GENERATE_INFOPLIST_FILE = YES;
				INFOPLIST_FILE = MobileAppDevFinal/Info.plist;
				INFOPLIST_KEY_UIApplicationSupportsIndirectInputEvents = YES;
				INFOPLIST_KEY_UILaunchStoryboardName = LaunchScreen;
				INFOPLIST_KEY_UIMainStoryboardFile = Main;
				INFOPLIST_KEY_UISupportedInterfaceOrientations_iPad = "UIInterfaceOrientationPortrait UIInterfaceOrientationPortraitUpsideDown UIInterfaceOrientationLandscapeLeft UIInterfaceOrientationLandscapeRight";
				INFOPLIST_KEY_UISupportedInterfaceOrientations_iPhone = "UIInterfaceOrientationPortrait UIInterfaceOrientationLandscapeLeft UIInterfaceOrientationLandscapeRight";
				LD_RUNPATH_SEARCH_PATHS = (
					"$(inherited)",
					"@executable_path/Frameworks",
				);
				MARKETING_VERSION = 1.0;
				PRODUCT_BUNDLE_IDENTIFIER = com.nuios.MobileAppDevFinal;
				PRODUCT_NAME = "$(TARGET_NAME)";
				SWIFT_EMIT_LOC_STRINGS = YES;
				SWIFT_VERSION = 5.0;
				TARGETED_DEVICE_FAMILY = "1,2";
			};
			name = Release;
		};
		5AE6F3132B0BEA5F001C815F /* Debug */ = {
			isa = XCBuildConfiguration;
			baseConfigurationReference = 5CC424B947C69A9820F882BC /* Pods-MobileAppDevFinalTests.debug.xcconfig */;
			buildSettings = {
				ALWAYS_EMBED_SWIFT_STANDARD_LIBRARIES = YES;
				BUNDLE_LOADER = "$(TEST_HOST)";
				CODE_SIGN_STYLE = Automatic;
				CURRENT_PROJECT_VERSION = 1;
				DEVELOPMENT_TEAM = QJRK3DJBSH;
				GENERATE_INFOPLIST_FILE = YES;
				IPHONEOS_DEPLOYMENT_TARGET = 15.5;
				MARKETING_VERSION = 1.0;
				PRODUCT_BUNDLE_IDENTIFIER = com.nuios.MobileAppDevFinalTests;
				PRODUCT_NAME = "$(TARGET_NAME)";
				SWIFT_EMIT_LOC_STRINGS = NO;
				SWIFT_VERSION = 5.0;
				TARGETED_DEVICE_FAMILY = "1,2";
				TEST_HOST = "$(BUILT_PRODUCTS_DIR)/MobileAppDevFinal.app/MobileAppDevFinal";
			};
			name = Debug;
		};
		5AE6F3142B0BEA5F001C815F /* Release */ = {
			isa = XCBuildConfiguration;
			baseConfigurationReference = A489F842FB15C452F5E3B76C /* Pods-MobileAppDevFinalTests.release.xcconfig */;
			buildSettings = {
				ALWAYS_EMBED_SWIFT_STANDARD_LIBRARIES = YES;
				BUNDLE_LOADER = "$(TEST_HOST)";
				CODE_SIGN_STYLE = Automatic;
				CURRENT_PROJECT_VERSION = 1;
				DEVELOPMENT_TEAM = QJRK3DJBSH;
				GENERATE_INFOPLIST_FILE = YES;
				IPHONEOS_DEPLOYMENT_TARGET = 15.5;
				MARKETING_VERSION = 1.0;
				PRODUCT_BUNDLE_IDENTIFIER = com.nuios.MobileAppDevFinalTests;
				PRODUCT_NAME = "$(TARGET_NAME)";
				SWIFT_EMIT_LOC_STRINGS = NO;
				SWIFT_VERSION = 5.0;
				TARGETED_DEVICE_FAMILY = "1,2";
				TEST_HOST = "$(BUILT_PRODUCTS_DIR)/MobileAppDevFinal.app/MobileAppDevFinal";
			};
			name = Release;
		};
		5AE6F3162B0BEA5F001C815F /* Debug */ = {
			isa = XCBuildConfiguration;
			baseConfigurationReference = 9C97EB46D094E8DFCC30BB05 /* Pods-MobileAppDevFinal-MobileAppDevFinalUITests.debug.xcconfig */;
			buildSettings = {
				ALWAYS_EMBED_SWIFT_STANDARD_LIBRARIES = YES;
				CODE_SIGN_STYLE = Automatic;
				CURRENT_PROJECT_VERSION = 1;
				DEVELOPMENT_TEAM = QJRK3DJBSH;
				GENERATE_INFOPLIST_FILE = YES;
				MARKETING_VERSION = 1.0;
				PRODUCT_BUNDLE_IDENTIFIER = com.nuios.MobileAppDevFinalUITests;
				PRODUCT_NAME = "$(TARGET_NAME)";
				SWIFT_EMIT_LOC_STRINGS = NO;
				SWIFT_VERSION = 5.0;
				TARGETED_DEVICE_FAMILY = "1,2";
				TEST_TARGET_NAME = MobileAppDevFinal;
			};
			name = Debug;
		};
		5AE6F3172B0BEA5F001C815F /* Release */ = {
			isa = XCBuildConfiguration;
			baseConfigurationReference = 29115C1712CE5E1FF4835B3B /* Pods-MobileAppDevFinal-MobileAppDevFinalUITests.release.xcconfig */;
			buildSettings = {
				ALWAYS_EMBED_SWIFT_STANDARD_LIBRARIES = YES;
				CODE_SIGN_STYLE = Automatic;
				CURRENT_PROJECT_VERSION = 1;
				DEVELOPMENT_TEAM = QJRK3DJBSH;
				GENERATE_INFOPLIST_FILE = YES;
				MARKETING_VERSION = 1.0;
				PRODUCT_BUNDLE_IDENTIFIER = com.nuios.MobileAppDevFinalUITests;
				PRODUCT_NAME = "$(TARGET_NAME)";
				SWIFT_EMIT_LOC_STRINGS = NO;
				SWIFT_VERSION = 5.0;
				TARGETED_DEVICE_FAMILY = "1,2";
				TEST_TARGET_NAME = MobileAppDevFinal;
			};
			name = Release;
		};
/* End XCBuildConfiguration section */

/* Begin XCConfigurationList section */
		5AE6F2E02B0BEA59001C815F /* Build configuration list for PBXProject "MobileAppDevFinal" */ = {
			isa = XCConfigurationList;
			buildConfigurations = (
				5AE6F30D2B0BEA5F001C815F /* Debug */,
				5AE6F30E2B0BEA5F001C815F /* Release */,
			);
			defaultConfigurationIsVisible = 0;
			defaultConfigurationName = Release;
		};
		5AE6F30F2B0BEA5F001C815F /* Build configuration list for PBXNativeTarget "MobileAppDevFinal" */ = {
			isa = XCConfigurationList;
			buildConfigurations = (
				5AE6F3102B0BEA5F001C815F /* Debug */,
				5AE6F3112B0BEA5F001C815F /* Release */,
			);
			defaultConfigurationIsVisible = 0;
			defaultConfigurationName = Release;
		};
		5AE6F3122B0BEA5F001C815F /* Build configuration list for PBXNativeTarget "MobileAppDevFinalTests" */ = {
			isa = XCConfigurationList;
			buildConfigurations = (
				5AE6F3132B0BEA5F001C815F /* Debug */,
				5AE6F3142B0BEA5F001C815F /* Release */,
			);
			defaultConfigurationIsVisible = 0;
			defaultConfigurationName = Release;
		};
		5AE6F3152B0BEA5F001C815F /* Build configuration list for PBXNativeTarget "MobileAppDevFinalUITests" */ = {
			isa = XCConfigurationList;
			buildConfigurations = (
				5AE6F3162B0BEA5F001C815F /* Debug */,
				5AE6F3172B0BEA5F001C815F /* Release */,
			);
			defaultConfigurationIsVisible = 0;
			defaultConfigurationName = Release;
		};
/* End XCConfigurationList section */

/* Begin XCRemoteSwiftPackageReference section */
		5AE6F3182B0BF0A7001C815F /* XCRemoteSwiftPackageReference "firebase-ios-sdk" */ = {
			isa = XCRemoteSwiftPackageReference;
			repositoryURL = "https://github.com/firebase/firebase-ios-sdk";
			requirement = {
				branch = master;
				kind = branch;
			};
		};
/* End XCRemoteSwiftPackageReference section */

/* Begin XCSwiftPackageProductDependency section */
		5AE6F3192B0BF0A7001C815F /* FirebaseAuth */ = {
			isa = XCSwiftPackageProductDependency;
			package = 5AE6F3182B0BF0A7001C815F /* XCRemoteSwiftPackageReference "firebase-ios-sdk" */;
			productName = FirebaseAuth;
		};
		5AE6F31B2B0BF0A7001C815F /* FirebaseFirestore */ = {
			isa = XCSwiftPackageProductDependency;
			package = 5AE6F3182B0BF0A7001C815F /* XCRemoteSwiftPackageReference "firebase-ios-sdk" */;
			productName = FirebaseFirestore;
		};
		5AE6F31D2B0BF0A7001C815F /* FirebaseFirestoreSwift */ = {
			isa = XCSwiftPackageProductDependency;
			package = 5AE6F3182B0BF0A7001C815F /* XCRemoteSwiftPackageReference "firebase-ios-sdk" */;
			productName = FirebaseFirestoreSwift;
		};
		5AE6F31F2B0BF0A7001C815F /* FirebaseStorage */ = {
			isa = XCSwiftPackageProductDependency;
			package = 5AE6F3182B0BF0A7001C815F /* XCRemoteSwiftPackageReference "firebase-ios-sdk" */;
			productName = FirebaseStorage;
		};
/* End XCSwiftPackageProductDependency section */
	};
	rootObject = 5AE6F2DD2B0BEA59001C815F /* Project object */;
}
